
Microsoft Visual Studio Solution File, Format Version 12.00
# Visual Studio Version 17
VisualStudioVersion = 17.5.33516.290
MinimumVisualStudioVersion = 10.0.40219.1
Project("{FAE04EC0-301F-11D3-BF4B-00C04F79EFBC}") = "Seminar4", "Seminar4\Seminar4.csproj", "{87B94F91-6A7C-4D4A-B2AE-D8D57A99EF63}"
EndProject
Global
	GlobalSection(SolutionConfigurationPlatforms) = preSolution
		Debug|Any CPU = Debug|Any CPU
		Release|Any CPU = Release|Any CPU
	EndGlobalSection
	GlobalSection(ProjectConfigurationPlatforms) = postSolution
		{87B94F91-6A7C-4D4A-B2AE-D8D57A99EF63}.Debug|Any CPU.ActiveCfg = Debug|Any CPU
		{87B94F91-6A7C-4D4A-B2AE-D8D57A99EF63}.Debug|Any CPU.Build.0 = Debug|Any CPU
		{87B94F91-6A7C-4D4A-B2AE-D8D57A99EF63}.Release|Any CPU.ActiveCfg = Release|Any CPU
		{87B94F91-6A7C-4D4A-B2AE-D8D57A99EF63}.Release|Any CPU.Build.0 = Release|Any CPU
	EndGlobalSection
	GlobalSection(SolutionProperties) = preSolution
		HideSolutionNode = FALSE
	EndGlobalSection
	GlobalSection(ExtensibilityGlobals) = postSolution
		SolutionGuid = {215A5671-0065-4AE0-8FF0-3E346744475A}
	EndGlobalSection
EndGlobal
